
Microsoft Visual Studio Solution File, Format Version 12.00
# Visual Studio 15
VisualStudioVersion = 15.0.27428.2043
MinimumVisualStudioVersion = 10.0.40219.1
Project("{FAE04EC0-301F-11D3-BF4B-00C04F79EFBC}") = "Tavisca.Hotel.Core.Performance", "Tavisca.Hotel.Core.Performance\Tavisca.Hotel.Core.Performance.csproj", "{C589F161-0809-4F05-A5BA-27D24546FE9A}"
EndProject
Global
	GlobalSection(SolutionConfigurationPlatforms) = preSolution
		Debug|Any CPU = Debug|Any CPU
		Release|Any CPU = Release|Any CPU
	EndGlobalSection
	GlobalSection(ProjectConfigurationPlatforms) = postSolution
		{C589F161-0809-4F05-A5BA-27D24546FE9A}.Debug|Any CPU.ActiveCfg = Debug|Any CPU
		{C589F161-0809-4F05-A5BA-27D24546FE9A}.Debug|Any CPU.Build.0 = Debug|Any CPU
		{C589F161-0809-4F05-A5BA-27D24546FE9A}.Release|Any CPU.ActiveCfg = Release|Any CPU
		{C589F161-0809-4F05-A5BA-27D24546FE9A}.Release|Any CPU.Build.0 = Release|Any CPU
	EndGlobalSection
	GlobalSection(SolutionProperties) = preSolution
		HideSolutionNode = FALSE
	EndGlobalSection
	GlobalSection(ExtensibilityGlobals) = postSolution
		SolutionGuid = {7B2D23BE-FBD8-4B34-8FDF-038DACC5B16F}
	EndGlobalSection
EndGlobal
